
Microsoft Visual Studio Solution File, Format Version 12.00
# Visual Studio 15
VisualStudioVersion = 15.0.28307.421
MinimumVisualStudioVersion = 10.0.40219.1
Project("{FAE04EC0-301F-11D3-BF4B-00C04F79EFBC}") = "vidlyanuProject", "vidlyanuProject\vidlyanuProject.csproj", "{BED8175F-9E2F-48CD-9065-73A8D49500D3}"
EndProject
Global
	GlobalSection(SolutionConfigurationPlatforms) = preSolution
		Debug|Any CPU = Debug|Any CPU
		Release|Any CPU = Release|Any CPU
	EndGlobalSection
	GlobalSection(ProjectConfigurationPlatforms) = postSolution
		{BED8175F-9E2F-48CD-9065-73A8D49500D3}.Debug|Any CPU.ActiveCfg = Debug|Any CPU
		{BED8175F-9E2F-48CD-9065-73A8D49500D3}.Debug|Any CPU.Build.0 = Debug|Any CPU
		{BED8175F-9E2F-48CD-9065-73A8D49500D3}.Release|Any CPU.ActiveCfg = Release|Any CPU
		{BED8175F-9E2F-48CD-9065-73A8D49500D3}.Release|Any CPU.Build.0 = Release|Any CPU
	EndGlobalSection
	GlobalSection(SolutionProperties) = preSolution
		HideSolutionNode = FALSE
	EndGlobalSection
	GlobalSection(ExtensibilityGlobals) = postSolution
		SolutionGuid = {54F52A16-29E0-4CE4-949D-B22BB6AA7EA6}
	EndGlobalSection
EndGlobal
